
Microsoft Visual Studio Solution File, Format Version 12.00
# Visual Studio 2012
Project("{FAE04EC0-301F-11D3-BF4B-00C04F79EFBC}") = "orate", "orate\orate.csproj", "{4307EB7F-E7AC-4531-84FB-FFB1B01FC5CC}"
EndProject
Global
	GlobalSection(SolutionConfigurationPlatforms) = preSolution
		Debug|Any CPU = Debug|Any CPU
		Release|Any CPU = Release|Any CPU
	EndGlobalSection
	GlobalSection(ProjectConfigurationPlatforms) = postSolution
		{4307EB7F-E7AC-4531-84FB-FFB1B01FC5CC}.Debug|Any CPU.ActiveCfg = Debug|Any CPU
		{4307EB7F-E7AC-4531-84FB-FFB1B01FC5CC}.Debug|Any CPU.Build.0 = Debug|Any CPU
		{4307EB7F-E7AC-4531-84FB-FFB1B01FC5CC}.Release|Any CPU.ActiveCfg = Release|Any CPU
		{4307EB7F-E7AC-4531-84FB-FFB1B01FC5CC}.Release|Any CPU.Build.0 = Release|Any CPU
	EndGlobalSection
	GlobalSection(SolutionProperties) = preSolution
		HideSolutionNode = FALSE
	EndGlobalSection
EndGlobal
